
Microsoft Visual Studio Solution File, Format Version 12.00
# Visual Studio Version 16
VisualStudioVersion = 16.0.30804.86
MinimumVisualStudioVersion = 10.0.40219.1
Project("{8BC9CEB8-8B4A-11D0-8D11-00A0C91BC942}") = "Tut1", "Tut1\Tut1.vcxproj", "{80475033-85C7-425D-8C76-C748383F2A95}"
EndProject
Global
	GlobalSection(SolutionConfigurationPlatforms) = preSolution
		Debug|x64 = Debug|x64
		Debug|x86 = Debug|x86
		Release|x64 = Release|x64
		Release|x86 = Release|x86
	EndGlobalSection
	GlobalSection(ProjectConfigurationPlatforms) = postSolution
		{80475033-85C7-425D-8C76-C748383F2A95}.Debug|x64.ActiveCfg = Debug|x64
		{80475033-85C7-425D-8C76-C748383F2A95}.Debug|x64.Build.0 = Debug|x64
		{80475033-85C7-425D-8C76-C748383F2A95}.Debug|x86.ActiveCfg = Debug|Win32
		{80475033-85C7-425D-8C76-C748383F2A95}.Debug|x86.Build.0 = Debug|Win32
		{80475033-85C7-425D-8C76-C748383F2A95}.Release|x64.ActiveCfg = Release|x64
		{80475033-85C7-425D-8C76-C748383F2A95}.Release|x64.Build.0 = Release|x64
		{80475033-85C7-425D-8C76-C748383F2A95}.Release|x86.ActiveCfg = Release|Win32
		{80475033-85C7-425D-8C76-C748383F2A95}.Release|x86.Build.0 = Release|Win32
	EndGlobalSection
	GlobalSection(SolutionProperties) = preSolution
		HideSolutionNode = FALSE
	EndGlobalSection
	GlobalSection(ExtensibilityGlobals) = postSolution
		SolutionGuid = {D1935170-6599-496D-9BAB-F99DA714E3F0}
	EndGlobalSection
EndGlobal
