
Microsoft Visual Studio Solution File, Format Version 12.00
# Visual Studio Version 16
VisualStudioVersion = 16.0.30804.86
MinimumVisualStudioVersion = 10.0.40219.1
Project("{8BC9CEB8-8B4A-11D0-8D11-00A0C91BC942}") = "Tut4", "Tut4\Tut4.vcxproj", "{E2C99DE0-A5AC-44E2-8AD4-32312168BEC3}"
EndProject
Global
	GlobalSection(SolutionConfigurationPlatforms) = preSolution
		Debug|x64 = Debug|x64
		Debug|x86 = Debug|x86
		Release|x64 = Release|x64
		Release|x86 = Release|x86
	EndGlobalSection
	GlobalSection(ProjectConfigurationPlatforms) = postSolution
		{E2C99DE0-A5AC-44E2-8AD4-32312168BEC3}.Debug|x64.ActiveCfg = Debug|x64
		{E2C99DE0-A5AC-44E2-8AD4-32312168BEC3}.Debug|x64.Build.0 = Debug|x64
		{E2C99DE0-A5AC-44E2-8AD4-32312168BEC3}.Debug|x86.ActiveCfg = Debug|Win32
		{E2C99DE0-A5AC-44E2-8AD4-32312168BEC3}.Debug|x86.Build.0 = Debug|Win32
		{E2C99DE0-A5AC-44E2-8AD4-32312168BEC3}.Release|x64.ActiveCfg = Release|x64
		{E2C99DE0-A5AC-44E2-8AD4-32312168BEC3}.Release|x64.Build.0 = Release|x64
		{E2C99DE0-A5AC-44E2-8AD4-32312168BEC3}.Release|x86.ActiveCfg = Release|Win32
		{E2C99DE0-A5AC-44E2-8AD4-32312168BEC3}.Release|x86.Build.0 = Release|Win32
	EndGlobalSection
	GlobalSection(SolutionProperties) = preSolution
		HideSolutionNode = FALSE
	EndGlobalSection
	GlobalSection(ExtensibilityGlobals) = postSolution
		SolutionGuid = {4CFB8B28-D58C-47CF-8178-DFD4CE192BBE}
	EndGlobalSection
EndGlobal
