
Microsoft Visual Studio Solution File, Format Version 12.00
# Visual Studio Version 16
VisualStudioVersion = 16.0.30804.86
MinimumVisualStudioVersion = 10.0.40219.1
Project("{8BC9CEB8-8B4A-11D0-8D11-00A0C91BC942}") = "Tut6", "Tut6\Tut6.vcxproj", "{368AB837-CC19-4538-8C5E-A6D65F615778}"
EndProject
Global
	GlobalSection(SolutionConfigurationPlatforms) = preSolution
		Debug|x64 = Debug|x64
		Debug|x86 = Debug|x86
		Release|x64 = Release|x64
		Release|x86 = Release|x86
	EndGlobalSection
	GlobalSection(ProjectConfigurationPlatforms) = postSolution
		{368AB837-CC19-4538-8C5E-A6D65F615778}.Debug|x64.ActiveCfg = Debug|x64
		{368AB837-CC19-4538-8C5E-A6D65F615778}.Debug|x64.Build.0 = Debug|x64
		{368AB837-CC19-4538-8C5E-A6D65F615778}.Debug|x86.ActiveCfg = Debug|Win32
		{368AB837-CC19-4538-8C5E-A6D65F615778}.Debug|x86.Build.0 = Debug|Win32
		{368AB837-CC19-4538-8C5E-A6D65F615778}.Release|x64.ActiveCfg = Release|x64
		{368AB837-CC19-4538-8C5E-A6D65F615778}.Release|x64.Build.0 = Release|x64
		{368AB837-CC19-4538-8C5E-A6D65F615778}.Release|x86.ActiveCfg = Release|Win32
		{368AB837-CC19-4538-8C5E-A6D65F615778}.Release|x86.Build.0 = Release|Win32
	EndGlobalSection
	GlobalSection(SolutionProperties) = preSolution
		HideSolutionNode = FALSE
	EndGlobalSection
	GlobalSection(ExtensibilityGlobals) = postSolution
		SolutionGuid = {2152B4FC-2714-4A75-84B2-8AD40ABC8ED3}
	EndGlobalSection
EndGlobal
